
Microsoft Visual Studio Solution File, Format Version 12.00
# Visual Studio Version 17
VisualStudioVersion = 17.11.35312.102
MinimumVisualStudioVersion = 10.0.40219.1
Project("{9A19103F-16F7-4668-BE54-9A1E7A4F7556}") = "BetBalance", "BetBalance\BetBalance.csproj", "{975B8818-3A43-4537-8869-FC34FF4019C2}"
EndProject
Global
	GlobalSection(SolutionConfigurationPlatforms) = preSolution
		Debug|Any CPU = Debug|Any CPU
		Release|Any CPU = Release|Any CPU
	EndGlobalSection
	GlobalSection(ProjectConfigurationPlatforms) = postSolution
		{975B8818-3A43-4537-8869-FC34FF4019C2}.Debug|Any CPU.ActiveCfg = Debug|Any CPU
		{975B8818-3A43-4537-8869-FC34FF4019C2}.Debug|Any CPU.Build.0 = Debug|Any CPU
		{975B8818-3A43-4537-8869-FC34FF4019C2}.Debug|Any CPU.Deploy.0 = Debug|Any CPU
		{975B8818-3A43-4537-8869-FC34FF4019C2}.Release|Any CPU.ActiveCfg = Release|Any CPU
		{975B8818-3A43-4537-8869-FC34FF4019C2}.Release|Any CPU.Build.0 = Release|Any CPU
		{975B8818-3A43-4537-8869-FC34FF4019C2}.Release|Any CPU.Deploy.0 = Release|Any CPU
	EndGlobalSection
	GlobalSection(SolutionProperties) = preSolution
		HideSolutionNode = FALSE
	EndGlobalSection
	GlobalSection(ExtensibilityGlobals) = postSolution
		SolutionGuid = {E063E78F-1097-40ED-89CD-6612D243F5E7}
	EndGlobalSection
EndGlobal
